{
  "nodes": {
    "fenix": {
      "inputs": {
        "nixpkgs": [
          "nixpkgs"
        ],
        "rust-analyzer-src": "rust-analyzer-src"
      },
      "locked": {
        "lastModified": 1775891769,
        "narHash": "sha256-EOfVlTKw2n8w1uhfh46GS4hEGnQ7oWrIWQfIY6utIkI=",
        "owner": "nix-community",
        "repo": "fenix",
        "rev": "6fbc54dde15aee725bdc7aae5e478849685d5f56",
        "type": "github"
      },
      "original": {
        "owner": "nix-community",
        "repo": "fenix",
        "type": "github"
      }
    },
    "nixpkgs": {
      "locked": {
        "lastModified": 1775793324,
        "narHash": "sha256-omax7atcZbol+6HJ2RLpP+ZCFcPa5bZ65Hn71RufeWQ=",
        "owner": "nixos",
        "repo": "nixpkgs",
        "rev": "9d29d5f667d7467f98efc31881e824fa586c927e",
        "type": "github"
      },
      "original": {
        "owner": "nixos",
        "ref": "nixpkgs-unstable",
        "repo": "nixpkgs",
        "type": "github"
      }
    },
    "nur-anttiharju": {
      "inputs": {
        "nixpkgs": [
          "nixpkgs"
        ]
      },
      "locked": {
        "lastModified": 1775900515,
        "narHash": "sha256-2YXZl3kYEHCaKbPbU1vbpcw6+XZ2rj/jgPEevtgD4eI=",
        "owner": "anttiharju",
        "repo": "nur-packages",
        "rev": "1f2351e9007a1edbd6be76187b5dacd504c593a5",
        "type": "github"
      },
      "original": {
        "owner": "anttiharju",
        "repo": "nur-packages",
        "type": "github"
      }
    },
    "root": {
      "inputs": {
        "fenix": "fenix",
        "nixpkgs": "nixpkgs",
        "nur-anttiharju": "nur-anttiharju"
      }
    },
    "rust-analyzer-src": {
      "flake": false,
      "locked": {
        "lastModified": 1775843361,
        "narHash": "sha256-j53ZgyDvmYf3Sjh1IPvvTjqa614qUfVQSzj59+MpzkY=",
        "owner": "rust-lang",
        "repo": "rust-analyzer",
        "rev": "9eb97ea96d8400e8957ddd56702e962614296583",
        "type": "github"
      },
      "original": {
        "owner": "rust-lang",
        "ref": "nightly",
        "repo": "rust-analyzer",
        "type": "github"
      }
    }
  },
  "root": "root",
  "version": 7
}
